
Microsoft Visual Studio Solution File, Format Version 12.00
# Visual Studio 15
VisualStudioVersion = 15.0.28307.136
MinimumVisualStudioVersion = 10.0.40219.1
Project("{2150E333-8FDC-42A3-9474-1A3956D46DE8}") = "01 UI", "01 UI", "{2720F6DA-5725-460D-A8CD-689126F4E61E}"
EndProject
Project("{2150E333-8FDC-42A3-9474-1A3956D46DE8}") = "02 DataAccess", "02 DataAccess", "{87B1B623-78CF-4D06-86F7-85B2EA28BDC6}"
EndProject
Project("{2150E333-8FDC-42A3-9474-1A3956D46DE8}") = "03 Common", "03 Common", "{313327DE-171A-41DA-B5F7-832CAF49B555}"
EndProject
Project("{FAE04EC0-301F-11D3-BF4B-00C04F79EFBC}") = "Mooc.Web.UI", "Mooc.Web.UI\Mooc.Web.UI.csproj", "{5F24B805-9E75-4BC4-975C-369AB366D75B}"
EndProject
Project("{FAE04EC0-301F-11D3-BF4B-00C04F79EFBC}") = "Mooc.DataAccess.Models", "Mooc.DataAccess.Models\Mooc.DataAccess.Models.csproj", "{24803E65-3709-417F-B4B7-7F6E691B7D96}"
EndProject
Project("{FAE04EC0-301F-11D3-BF4B-00C04F79EFBC}") = "Mooc.Common.Utils", "Mooc.Common.Utils\Mooc.Common.Utils.csproj", "{9A7E3917-EA9F-417F-A975-9FC51626F142}"
EndProject
Global
	GlobalSection(SolutionConfigurationPlatforms) = preSolution
		Debug|Any CPU = Debug|Any CPU
		Release|Any CPU = Release|Any CPU
	EndGlobalSection
	GlobalSection(ProjectConfigurationPlatforms) = postSolution
		{5F24B805-9E75-4BC4-975C-369AB366D75B}.Debug|Any CPU.ActiveCfg = Debug|Any CPU
		{5F24B805-9E75-4BC4-975C-369AB366D75B}.Debug|Any CPU.Build.0 = Debug|Any CPU
		{5F24B805-9E75-4BC4-975C-369AB366D75B}.Release|Any CPU.ActiveCfg = Release|Any CPU
		{5F24B805-9E75-4BC4-975C-369AB366D75B}.Release|Any CPU.Build.0 = Release|Any CPU
		{24803E65-3709-417F-B4B7-7F6E691B7D96}.Debug|Any CPU.ActiveCfg = Debug|Any CPU
		{24803E65-3709-417F-B4B7-7F6E691B7D96}.Debug|Any CPU.Build.0 = Debug|Any CPU
		{24803E65-3709-417F-B4B7-7F6E691B7D96}.Release|Any CPU.ActiveCfg = Release|Any CPU
		{24803E65-3709-417F-B4B7-7F6E691B7D96}.Release|Any CPU.Build.0 = Release|Any CPU
		{9A7E3917-EA9F-417F-A975-9FC51626F142}.Debug|Any CPU.ActiveCfg = Debug|Any CPU
		{9A7E3917-EA9F-417F-A975-9FC51626F142}.Debug|Any CPU.Build.0 = Debug|Any CPU
		{9A7E3917-EA9F-417F-A975-9FC51626F142}.Release|Any CPU.ActiveCfg = Release|Any CPU
		{9A7E3917-EA9F-417F-A975-9FC51626F142}.Release|Any CPU.Build.0 = Release|Any CPU
	EndGlobalSection
	GlobalSection(SolutionProperties) = preSolution
		HideSolutionNode = FALSE
	EndGlobalSection
	GlobalSection(NestedProjects) = preSolution
		{5F24B805-9E75-4BC4-975C-369AB366D75B} = {2720F6DA-5725-460D-A8CD-689126F4E61E}
		{24803E65-3709-417F-B4B7-7F6E691B7D96} = {87B1B623-78CF-4D06-86F7-85B2EA28BDC6}
		{9A7E3917-EA9F-417F-A975-9FC51626F142} = {313327DE-171A-41DA-B5F7-832CAF49B555}
	EndGlobalSection
	GlobalSection(ExtensibilityGlobals) = postSolution
		SolutionGuid = {EBEAD782-D407-4E34-9C57-9010D1082B07}
	EndGlobalSection
EndGlobal
